<?xml version="1.0" encoding="utf-8"?>
<Project ToolsVersion="4.0" xmlns="http://schemas.microsoft.com/developer/msbuild/2003">
  <ItemGroup>
    <Filter Include="原始程式檔">
      <UniqueIdentifier>{4FC737F1-C7A5-4376-A066-2A32D752A2FF}</UniqueIdentifier>
      <Extensions>cpp;c;cc;cxx;def;odl;idl;hpj;bat;asm;asmx</Extensions>
    </Filter>
    <Filter Include="標頭檔">
      <UniqueIdentifier>{93995380-89BD-4b04-88EB-625FBE52EBFB}</UniqueIdentifier>
      <Extensions>h;hpp;hxx;hm;inl;inc;xsd</Extensions>
    </Filter>
    <Filter Include="資源檔">
      <UniqueIdentifier>{67DA6AB6-F800-4c08-8B7A-83BB121AAD01}</UniqueIdentifier>
      <Extensions>rc;ico;cur;bmp;dlg;rc2;rct;bin;rgs;gif;jpg;jpeg;jpe;resx;tiff;tif;png;wav;mfcribbon-ms</Extensions>
    </Filter>
    <Filter Include="原始程式檔\thread">
      <UniqueIdentifier>{0a697f88-8ac6-4de3-ae1d-87538e15965e}</UniqueIdentifier>
    </Filter>
    <Filter Include="原始程式檔\system">
      <UniqueIdentifier>{1f22452f-5199-4086-8c83-5498b174f672}</UniqueIdentifier>
    </Filter>
    <Filter Include="原始程式檔\regex">
      <UniqueIdentifier>{38b92388-9237-43ed-ae02-b84b0d79a76f}</UniqueIdentifier>
    </Filter>
  </ItemGroup>
  <ItemGroup>
    <None Include="ReadMe.txt" />
  </ItemGroup>
  <ItemGroup>
    <ClCompile Include="..\boost_1_55_0-windows\libs\regex\src\cpp_regex_traits.cpp">
      <Filter>原始程式檔\regex</Filter>
    </ClCompile>
    <ClCompile Include="..\boost_1_55_0-windows\libs\regex\src\w32_regex_traits.cpp">
      <Filter>原始程式檔\regex</Filter>
    </ClCompile>
    <ClCompile Include="..\boost_1_55_0-windows\libs\regex\src\regex.cpp">
      <Filter>原始程式檔\regex</Filter>
    </ClCompile>
    <ClCompile Include="..\boost_1_55_0-windows\libs\regex\src\posix_api.cpp">
      <Filter>原始程式檔\regex</Filter>
    </ClCompile>
    <ClCompile Include="..\boost_1_55_0-windows\libs\regex\src\wide_posix_api.cpp">
      <Filter>原始程式檔\regex</Filter>
    </ClCompile>
    <ClCompile Include="..\boost_1_55_0-windows\libs\regex\src\c_regex_traits.cpp">
      <Filter>原始程式檔\regex</Filter>
    </ClCompile>
    <ClCompile Include="..\boost_1_55_0-windows\libs\regex\src\cregex.cpp">
      <Filter>原始程式檔\regex</Filter>
    </ClCompile>
    <ClCompile Include="..\boost_1_55_0-windows\libs\regex\src\fileiter.cpp">
      <Filter>原始程式檔\regex</Filter>
    </ClCompile>
    <ClCompile Include="..\boost_1_55_0-windows\libs\regex\src\icu.cpp">
      <Filter>原始程式檔\regex</Filter>
    </ClCompile>
    <ClCompile Include="..\boost_1_55_0-windows\libs\regex\src\instances.cpp">
      <Filter>原始程式檔\regex</Filter>
    </ClCompile>
    <ClCompile Include="..\boost_1_55_0-windows\libs\regex\src\regex_debug.cpp">
      <Filter>原始程式檔\regex</Filter>
    </ClCompile>
    <ClCompile Include="..\boost_1_55_0-windows\libs\regex\src\regex_raw_buffer.cpp">
      <Filter>原始程式檔\regex</Filter>
    </ClCompile>
    <ClCompile Include="..\boost_1_55_0-windows\libs\regex\src\regex_traits_defaults.cpp">
      <Filter>原始程式檔\regex</Filter>
    </ClCompile>
    <ClCompile Include="..\boost_1_55_0-windows\libs\regex\src\static_mutex.cpp">
      <Filter>原始程式檔\regex</Filter>
    </ClCompile>
    <ClCompile Include="..\boost_1_55_0-windows\libs\regex\src\usinstances.cpp">
      <Filter>原始程式檔\regex</Filter>
    </ClCompile>
    <ClCompile Include="..\boost_1_55_0-windows\libs\regex\src\wc_regex_traits.cpp">
      <Filter>原始程式檔\regex</Filter>
    </ClCompile>
    <ClCompile Include="..\boost_1_55_0-windows\libs\regex\src\winstances.cpp">
      <Filter>原始程式檔\regex</Filter>
    </ClCompile>
    <ClCompile Include="..\..\..\..\..\..\work\project\boost_1_55_0\libs\system\src\error_code.cpp">
      <Filter>原始程式檔\system</Filter>
    </ClCompile>
    <ClCompile Include="..\..\..\..\..\..\work\project\boost_1_55_0\libs\thread\src\future.cpp">
      <Filter>原始程式檔\thread</Filter>
    </ClCompile>
    <ClCompile Include="..\..\..\..\..\..\work\project\boost_1_55_0\libs\thread\src\win32\thread.cpp">
      <Filter>原始程式檔\thread</Filter>
    </ClCompile>
    <ClCompile Include="boost.cpp">
      <Filter>原始程式檔</Filter>
    </ClCompile>
  </ItemGroup>
  <ItemGroup>
    <ClInclude Include="..\boost_1_55_0-windows\libs\regex\src\internals.hpp">
      <Filter>原始程式檔\regex</Filter>
    </ClInclude>
  </ItemGroup>
</Project>